Microsoft Visual Studio Solution File, Format Version 12.00
# Visual Studio Version 17
VisualStudioVersion = 17.5.2.0
MinimumVisualStudioVersion = 10.0.40219.1
Project("{FAE04EC0-301F-11D3-BF4B-00C04F79EFBC}") = "DanishTranscriber", "DanishTranscriber\DanishTranscriber.csproj", "{98B8E3E5-79F0-7B24-3EC2-2D7186ABEFC0}"
EndProject
Project("{FAE04EC0-301F-11D3-BF4B-00C04F79EFBC}") = "DanishTranscriber.Tests", "DanishTranscriber.Tests\DanishTranscriber.Tests.csproj", "{3BE38FC7-A6BF-DE56-4540-DF69A11B2694}"
EndProject
Global
	GlobalSection(SolutionConfigurationPlatforms) = preSolution
		Debug|Any CPU = Debug|Any CPU
		Release|Any CPU = Release|Any CPU
	EndGlobalSection
	GlobalSection(ProjectConfigurationPlatforms) = postSolution
		{98B8E3E5-79F0-7B24-3EC2-2D7186ABEFC0}.Debug|Any CPU.ActiveCfg = Debug|Any CPU
		{98B8E3E5-79F0-7B24-3EC2-2D7186ABEFC0}.Debug|Any CPU.Build.0 = Debug|Any CPU
		{98B8E3E5-79F0-7B24-3EC2-2D7186ABEFC0}.Release|Any CPU.ActiveCfg = Release|Any CPU
		{98B8E3E5-79F0-7B24-3EC2-2D7186ABEFC0}.Release|Any CPU.Build.0 = Release|Any CPU
		{3BE38FC7-A6BF-DE56-4540-DF69A11B2694}.Debug|Any CPU.ActiveCfg = Debug|Any CPU
		{3BE38FC7-A6BF-DE56-4540-DF69A11B2694}.Debug|Any CPU.Build.0 = Debug|Any CPU
		{3BE38FC7-A6BF-DE56-4540-DF69A11B2694}.Release|Any CPU.ActiveCfg = Release|Any CPU
		{3BE38FC7-A6BF-DE56-4540-DF69A11B2694}.Release|Any CPU.Build.0 = Release|Any CPU
	EndGlobalSection
	GlobalSection(SolutionProperties) = preSolution
		HideSolutionNode = FALSE
	EndGlobalSection
	GlobalSection(ExtensibilityGlobals) = postSolution
		SolutionGuid = {8F2F2943-0F5A-4B67-94E3-DAAC63FCE37B}
	EndGlobalSection
EndGlobal
